
Microsoft Visual Studio Solution File, Format Version 12.00
# Visual Studio 15
VisualStudioVersion = 15.0.27428.2037
MinimumVisualStudioVersion = 10.0.40219.1
Project("{FAE04EC0-301F-11D3-BF4B-00C04F79EFBC}") = "GetAppInfo", "GetAppInfo\GetAppInfo.csproj", "{6CB1D0C6-74C8-4ED5-A1EC-6338D579C87B}"
EndProject
Project("{FAE04EC0-301F-11D3-BF4B-00C04F79EFBC}") = "Models", "Models\Models.csproj", "{693D5010-4037-4295-95E1-729563A01608}"
EndProject
Global
	GlobalSection(SolutionConfigurationPlatforms) = preSolution
		Debug|Any CPU = Debug|Any CPU
		Release|Any CPU = Release|Any CPU
	EndGlobalSection
	GlobalSection(ProjectConfigurationPlatforms) = postSolution
		{6CB1D0C6-74C8-4ED5-A1EC-6338D579C87B}.Debug|Any CPU.ActiveCfg = Debug|Any CPU
		{6CB1D0C6-74C8-4ED5-A1EC-6338D579C87B}.Debug|Any CPU.Build.0 = Debug|Any CPU
		{6CB1D0C6-74C8-4ED5-A1EC-6338D579C87B}.Release|Any CPU.ActiveCfg = Release|Any CPU
		{6CB1D0C6-74C8-4ED5-A1EC-6338D579C87B}.Release|Any CPU.Build.0 = Release|Any CPU
		{693D5010-4037-4295-95E1-729563A01608}.Debug|Any CPU.ActiveCfg = Debug|Any CPU
		{693D5010-4037-4295-95E1-729563A01608}.Debug|Any CPU.Build.0 = Debug|Any CPU
		{693D5010-4037-4295-95E1-729563A01608}.Release|Any CPU.ActiveCfg = Release|Any CPU
		{693D5010-4037-4295-95E1-729563A01608}.Release|Any CPU.Build.0 = Release|Any CPU
		{D3E0304F-1923-4490-BADC-31B4F663962D}.Debug|Any CPU.ActiveCfg = Debug|Any CPU
		{D3E0304F-1923-4490-BADC-31B4F663962D}.Debug|Any CPU.Build.0 = Debug|Any CPU
		{D3E0304F-1923-4490-BADC-31B4F663962D}.Release|Any CPU.ActiveCfg = Release|Any CPU
		{D3E0304F-1923-4490-BADC-31B4F663962D}.Release|Any CPU.Build.0 = Release|Any CPU
	EndGlobalSection
	GlobalSection(SolutionProperties) = preSolution
		HideSolutionNode = FALSE
	EndGlobalSection
	GlobalSection(ExtensibilityGlobals) = postSolution
		SolutionGuid = {F9812B58-C2DF-4ED0-BBB5-08244AA866CA}
	EndGlobalSection
EndGlobal
